<?xml version="1.0" encoding="utf-8"?>
<Project ToolsVersion="4.0" xmlns="http://schemas.microsoft.com/developer/msbuild/2003">
  <ItemGroup>
    <Filter Include="Source Files">
      <UniqueIdentifier>{4FC737F1-C7A5-4376-A066-2A32D752A2FF}</UniqueIdentifier>
      <Extensions>cpp;c;cc;cxx;def;odl;idl;hpj;bat;asm;asmx</Extensions>
    </Filter>
    <Filter Include="Header Files">
      <UniqueIdentifier>{93995380-89BD-4b04-88EB-625FBE52EBFB}</UniqueIdentifier>
      <Extensions>h;hh;hpp;hxx;hm;inl;inc;xsd</Extensions>
    </Filter>
    <Filter Include="Resource Files">
      <UniqueIdentifier>{67DA6AB6-F800-4c08-8B7A-83BB121AAD01}</UniqueIdentifier>
      <Extensions>rc;ico;cur;bmp;dlg;rc2;rct;bin;rgs;gif;jpg;jpeg;jpe;resx;tiff;tif;png;wav;mfcribbon-ms</Extensions>
    </Filter>
    <Filter Include="memory">
      <UniqueIdentifier>{02d69884-0ba3-4fb9-b3ab-16e3659a3e84}</UniqueIdentifier>
    </Filter>
    <Filter Include="containers">
      <UniqueIdentifier>{205ac87c-5a5d-452d-b994-07e11fb13f18}</UniqueIdentifier>
    </Filter>
  </ItemGroup>
  <ItemGroup>
    <ClInclude Include="system.h">
      <Filter>Header Files</Filter>
    </ClInclude>
    <ClInclude Include="memory\DynamicSegment.h">
      <Filter>memory</Filter>
    </ClInclude>
    <ClInclude Include="memory\FastNodeAllocator.h">
      <Filter>memory</Filter>
    </ClInclude>
    <ClInclude Include="memory\LinearAllocator.h">
      <Filter>memory</Filter>
    </ClInclude>
    <ClInclude Include="memory\MemoryOps.h">
      <Filter>memory</Filter>
    </ClInclude>
    <ClInclude Include="memory\OSMemory.h">
      <Filter>memory</Filter>
    </ClInclude>
    <ClInclude Include="memory\PlatformMemory.h">
      <Filter>memory</Filter>
    </ClInclude>
    <ClInclude Include="memory\Pointer.h">
      <Filter>memory</Filter>
    </ClInclude>
    <ClInclude Include="memory\PoolNodeAllocator.h">
      <Filter>memory</Filter>
    </ClInclude>
    <ClInclude Include="memory\SimpleNodeAllocator.h">
      <Filter>memory</Filter>
    </ClInclude>
    <ClInclude Include="memory\SmartPointers.h">
      <Filter>memory</Filter>
    </ClInclude>
    <ClInclude Include="memory\StaticSegment.h">
      <Filter>memory</Filter>
    </ClInclude>
    <ClInclude Include="memory\StdAllocator.h">
      <Filter>memory</Filter>
    </ClInclude>
  </ItemGroup>
  <ItemGroup>
    <ClCompile Include="memory\OSMemory.cpp">
      <Filter>memory</Filter>
    </ClCompile>
  </ItemGroup>
</Project>